
Microsoft Visual Studio Solution File, Format Version 12.00
# Visual Studio Version 16
VisualStudioVersion = 16.0.30309.148
MinimumVisualStudioVersion = 10.0.40219.1
Project("{FAE04EC0-301F-11D3-BF4B-00C04F79EFBC}") = "XacDinhLoiGiaiDung", "WpfApp1\XacDinhLoiGiaiDung.csproj", "{6E7DDB9C-A897-4A59-8EF6-CC7A8F3077B0}"
EndProject
Project("{FAE04EC0-301F-11D3-BF4B-00C04F79EFBC}") = "DataProvide", "WpfApp2\DataProvide.csproj", "{A4AB8186-D9F5-41A5-AFC7-400276F1A6E1}"
EndProject
Project("{FAE04EC0-301F-11D3-BF4B-00C04F79EFBC}") = "TuRaDeTheoPhepTinh", "TuRaDeTheoPhepTinh\TuRaDeTheoPhepTinh.csproj", "{79C49F40-C36C-4FCB-918E-55467480B5E1}"
EndProject
Global
	GlobalSection(SolutionConfigurationPlatforms) = preSolution
		Debug|Any CPU = Debug|Any CPU
		Release|Any CPU = Release|Any CPU
	EndGlobalSection
	GlobalSection(ProjectConfigurationPlatforms) = postSolution
		{6E7DDB9C-A897-4A59-8EF6-CC7A8F3077B0}.Debug|Any CPU.ActiveCfg = Debug|Any CPU
		{6E7DDB9C-A897-4A59-8EF6-CC7A8F3077B0}.Debug|Any CPU.Build.0 = Debug|Any CPU
		{6E7DDB9C-A897-4A59-8EF6-CC7A8F3077B0}.Release|Any CPU.ActiveCfg = Release|Any CPU
		{6E7DDB9C-A897-4A59-8EF6-CC7A8F3077B0}.Release|Any CPU.Build.0 = Release|Any CPU
		{A4AB8186-D9F5-41A5-AFC7-400276F1A6E1}.Debug|Any CPU.ActiveCfg = Debug|Any CPU
		{A4AB8186-D9F5-41A5-AFC7-400276F1A6E1}.Debug|Any CPU.Build.0 = Debug|Any CPU
		{A4AB8186-D9F5-41A5-AFC7-400276F1A6E1}.Release|Any CPU.ActiveCfg = Release|Any CPU
		{A4AB8186-D9F5-41A5-AFC7-400276F1A6E1}.Release|Any CPU.Build.0 = Release|Any CPU
		{79C49F40-C36C-4FCB-918E-55467480B5E1}.Debug|Any CPU.ActiveCfg = Debug|Any CPU
		{79C49F40-C36C-4FCB-918E-55467480B5E1}.Debug|Any CPU.Build.0 = Debug|Any CPU
		{79C49F40-C36C-4FCB-918E-55467480B5E1}.Release|Any CPU.ActiveCfg = Release|Any CPU
		{79C49F40-C36C-4FCB-918E-55467480B5E1}.Release|Any CPU.Build.0 = Release|Any CPU
	EndGlobalSection
	GlobalSection(SolutionProperties) = preSolution
		HideSolutionNode = FALSE
	EndGlobalSection
	GlobalSection(ExtensibilityGlobals) = postSolution
		SolutionGuid = {05F0833E-23CE-483B-B9A0-AD851C0CD6D6}
	EndGlobalSection
EndGlobal
